
Microsoft Visual Studio Solution File, Format Version 12.00
# Visual Studio Version 17
VisualStudioVersion = 17.0.32112.339
MinimumVisualStudioVersion = 10.0.40219.1
Project("{9A19103F-16F7-4668-BE54-9A1E7A4F7556}") = "D2L.CodeStyle.Annotations", "src\D2L.CodeStyle.Annotations\D2L.CodeStyle.Annotations.csproj", "{1812AF7E-59B1-4764-8090-F84446A71C4E}"
EndProject
Project("{2150E333-8FDC-42A3-9474-1A3956D46DE8}") = "Test", "Test", "{3873E5AD-A61F-4CE4-B2E1-5AD83D25BF79}"
EndProject
Project("{9A19103F-16F7-4668-BE54-9A1E7A4F7556}") = "D2L.CodeStyle.Analyzers", "src\D2L.CodeStyle.Analyzers\D2L.CodeStyle.Analyzers.csproj", "{FE7608CD-C8B1-43DD-BBCC-9B1917C9CA73}"
EndProject
Project("{9A19103F-16F7-4668-BE54-9A1E7A4F7556}") = "D2L.CodeStyle.Analyzers.Tests", "tests\D2L.CodeStyle.Analyzers.Test\D2L.CodeStyle.Analyzers.Tests.csproj", "{1C54E78A-E12B-45C3-BA6E-31DB5C63B389}"
EndProject
Project("{9A19103F-16F7-4668-BE54-9A1E7A4F7556}") = "D2L.CodeStyle.TestAnalyzers", "src\D2L.CodeStyle.TestAnalyzers\D2L.CodeStyle.TestAnalyzers.csproj", "{A4AF66E9-BDC1-4B24-A249-A1C9BC094FD5}"
EndProject
Project("{9A19103F-16F7-4668-BE54-9A1E7A4F7556}") = "D2L.CodeStyle.TestAnalyzers.Tests", "tests\D2L.CodeStyle.TestAnalyzers.Tests\D2L.CodeStyle.TestAnalyzers.Tests.csproj", "{2F10EDAF-8585-4B4C-A82A-BABC5D23A186}"
EndProject
Project("{9A19103F-16F7-4668-BE54-9A1E7A4F7556}") = "D2L.CodeStyle.SpecTests", "src\D2L.CodeStyle.SpecTests\D2L.CodeStyle.SpecTests.csproj", "{C7B3A703-A549-48AA-90A6-A145C91D4F85}"
EndProject
Global
	GlobalSection(SolutionConfigurationPlatforms) = preSolution
		Debug|Any CPU = Debug|Any CPU
		Debug|x86 = Debug|x86
		Release|Any CPU = Release|Any CPU
		Release|x86 = Release|x86
	EndGlobalSection
	GlobalSection(ProjectConfigurationPlatforms) = postSolution
		{1812AF7E-59B1-4764-8090-F84446A71C4E}.Debug|Any CPU.ActiveCfg = Debug|Any CPU
		{1812AF7E-59B1-4764-8090-F84446A71C4E}.Debug|Any CPU.Build.0 = Debug|Any CPU
		{1812AF7E-59B1-4764-8090-F84446A71C4E}.Debug|x86.ActiveCfg = Debug|Any CPU
		{1812AF7E-59B1-4764-8090-F84446A71C4E}.Debug|x86.Build.0 = Debug|Any CPU
		{1812AF7E-59B1-4764-8090-F84446A71C4E}.Release|Any CPU.ActiveCfg = Release|Any CPU
		{1812AF7E-59B1-4764-8090-F84446A71C4E}.Release|Any CPU.Build.0 = Release|Any CPU
		{1812AF7E-59B1-4764-8090-F84446A71C4E}.Release|x86.ActiveCfg = Release|Any CPU
		{1812AF7E-59B1-4764-8090-F84446A71C4E}.Release|x86.Build.0 = Release|Any CPU
		{FE7608CD-C8B1-43DD-BBCC-9B1917C9CA73}.Debug|Any CPU.ActiveCfg = Debug|Any CPU
		{FE7608CD-C8B1-43DD-BBCC-9B1917C9CA73}.Debug|Any CPU.Build.0 = Debug|Any CPU
		{FE7608CD-C8B1-43DD-BBCC-9B1917C9CA73}.Debug|x86.ActiveCfg = Debug|Any CPU
		{FE7608CD-C8B1-43DD-BBCC-9B1917C9CA73}.Debug|x86.Build.0 = Debug|Any CPU
		{FE7608CD-C8B1-43DD-BBCC-9B1917C9CA73}.Release|Any CPU.ActiveCfg = Release|Any CPU
		{FE7608CD-C8B1-43DD-BBCC-9B1917C9CA73}.Release|Any CPU.Build.0 = Release|Any CPU
		{FE7608CD-C8B1-43DD-BBCC-9B1917C9CA73}.Release|x86.ActiveCfg = Release|Any CPU
		{FE7608CD-C8B1-43DD-BBCC-9B1917C9CA73}.Release|x86.Build.0 = Release|Any CPU
		{1C54E78A-E12B-45C3-BA6E-31DB5C63B389}.Debug|Any CPU.ActiveCfg = Debug|Any CPU
		{1C54E78A-E12B-45C3-BA6E-31DB5C63B389}.Debug|Any CPU.Build.0 = Debug|Any CPU
		{1C54E78A-E12B-45C3-BA6E-31DB5C63B389}.Debug|x86.ActiveCfg = Debug|Any CPU
		{1C54E78A-E12B-45C3-BA6E-31DB5C63B389}.Debug|x86.Build.0 = Debug|Any CPU
		{1C54E78A-E12B-45C3-BA6E-31DB5C63B389}.Release|Any CPU.ActiveCfg = Release|Any CPU
		{1C54E78A-E12B-45C3-BA6E-31DB5C63B389}.Release|Any CPU.Build.0 = Release|Any CPU
		{1C54E78A-E12B-45C3-BA6E-31DB5C63B389}.Release|x86.ActiveCfg = Release|Any CPU
		{1C54E78A-E12B-45C3-BA6E-31DB5C63B389}.Release|x86.Build.0 = Release|Any CPU
		{A4AF66E9-BDC1-4B24-A249-A1C9BC094FD5}.Debug|Any CPU.ActiveCfg = Debug|Any CPU
		{A4AF66E9-BDC1-4B24-A249-A1C9BC094FD5}.Debug|Any CPU.Build.0 = Debug|Any CPU
		{A4AF66E9-BDC1-4B24-A249-A1C9BC094FD5}.Debug|x86.ActiveCfg = Debug|Any CPU
		{A4AF66E9-BDC1-4B24-A249-A1C9BC094FD5}.Debug|x86.Build.0 = Debug|Any CPU
		{A4AF66E9-BDC1-4B24-A249-A1C9BC094FD5}.Release|Any CPU.ActiveCfg = Release|Any CPU
		{A4AF66E9-BDC1-4B24-A249-A1C9BC094FD5}.Release|Any CPU.Build.0 = Release|Any CPU
		{A4AF66E9-BDC1-4B24-A249-A1C9BC094FD5}.Release|x86.ActiveCfg = Release|Any CPU
		{A4AF66E9-BDC1-4B24-A249-A1C9BC094FD5}.Release|x86.Build.0 = Release|Any CPU
		{2F10EDAF-8585-4B4C-A82A-BABC5D23A186}.Debug|Any CPU.ActiveCfg = Debug|Any CPU
		{2F10EDAF-8585-4B4C-A82A-BABC5D23A186}.Debug|Any CPU.Build.0 = Debug|Any CPU
		{2F10EDAF-8585-4B4C-A82A-BABC5D23A186}.Debug|x86.ActiveCfg = Debug|Any CPU
		{2F10EDAF-8585-4B4C-A82A-BABC5D23A186}.Debug|x86.Build.0 = Debug|Any CPU
		{2F10EDAF-8585-4B4C-A82A-BABC5D23A186}.Release|Any CPU.ActiveCfg = Release|Any CPU
		{2F10EDAF-8585-4B4C-A82A-BABC5D23A186}.Release|Any CPU.Build.0 = Release|Any CPU
		{2F10EDAF-8585-4B4C-A82A-BABC5D23A186}.Release|x86.ActiveCfg = Release|Any CPU
		{2F10EDAF-8585-4B4C-A82A-BABC5D23A186}.Release|x86.Build.0 = Release|Any CPU
		{C7B3A703-A549-48AA-90A6-A145C91D4F85}.Debug|Any CPU.ActiveCfg = Debug|Any CPU
		{C7B3A703-A549-48AA-90A6-A145C91D4F85}.Debug|Any CPU.Build.0 = Debug|Any CPU
		{C7B3A703-A549-48AA-90A6-A145C91D4F85}.Debug|x86.ActiveCfg = Debug|Any CPU
		{C7B3A703-A549-48AA-90A6-A145C91D4F85}.Debug|x86.Build.0 = Debug|Any CPU
		{C7B3A703-A549-48AA-90A6-A145C91D4F85}.Release|Any CPU.ActiveCfg = Release|Any CPU
		{C7B3A703-A549-48AA-90A6-A145C91D4F85}.Release|Any CPU.Build.0 = Release|Any CPU
		{C7B3A703-A549-48AA-90A6-A145C91D4F85}.Release|x86.ActiveCfg = Release|Any CPU
		{C7B3A703-A549-48AA-90A6-A145C91D4F85}.Release|x86.Build.0 = Release|Any CPU
	EndGlobalSection
	GlobalSection(SolutionProperties) = preSolution
		HideSolutionNode = FALSE
	EndGlobalSection
	GlobalSection(NestedProjects) = preSolution
		{1C54E78A-E12B-45C3-BA6E-31DB5C63B389} = {3873E5AD-A61F-4CE4-B2E1-5AD83D25BF79}
		{2F10EDAF-8585-4B4C-A82A-BABC5D23A186} = {3873E5AD-A61F-4CE4-B2E1-5AD83D25BF79}
	EndGlobalSection
	GlobalSection(ExtensibilityGlobals) = postSolution
		SolutionGuid = {B1068C74-1517-443E-99B8-CB4834D47628}
	EndGlobalSection
EndGlobal
